
Microsoft Visual Studio Solution File, Format Version 12.00
# Visual Studio Version 16
VisualStudioVersion = 16.0.32106.194
MinimumVisualStudioVersion = 10.0.40219.1
Project("{9A19103F-16F7-4668-BE54-9A1E7A4F7556}") = "testWebsit", "testWebsit\testWebsit.csproj", "{D7F265BC-E348-477A-AE27-54003F7A8FC0}"
EndProject
Global
	GlobalSection(SolutionConfigurationPlatforms) = preSolution
		Debug|Any CPU = Debug|Any CPU
		Release|Any CPU = Release|Any CPU
	EndGlobalSection
	GlobalSection(ProjectConfigurationPlatforms) = postSolution
		{D7F265BC-E348-477A-AE27-54003F7A8FC0}.Debug|Any CPU.ActiveCfg = Debug|Any CPU
		{D7F265BC-E348-477A-AE27-54003F7A8FC0}.Debug|Any CPU.Build.0 = Debug|Any CPU
		{D7F265BC-E348-477A-AE27-54003F7A8FC0}.Release|Any CPU.ActiveCfg = Release|Any CPU
		{D7F265BC-E348-477A-AE27-54003F7A8FC0}.Release|Any CPU.Build.0 = Release|Any CPU
	EndGlobalSection
	GlobalSection(SolutionProperties) = preSolution
		HideSolutionNode = FALSE
	EndGlobalSection
	GlobalSection(ExtensibilityGlobals) = postSolution
		SolutionGuid = {342092E9-8265-4BDF-984A-119555B7C245}
	EndGlobalSection
EndGlobal
